
Microsoft Visual Studio Solution File, Format Version 12.00
# Visual Studio Version 17
VisualStudioVersion = 17.8.34322.80
MinimumVisualStudioVersion = 10.0.40219.1
Project("{FAE04EC0-301F-11D3-BF4B-00C04F79EFBC}") = "UserService", "UserService.csproj", "{1FF0AD40-0E98-4FBF-A271-938DB7EBEFAC}"
EndProject
Global
	GlobalSection(SolutionConfigurationPlatforms) = preSolution
		Debug|Any CPU = Debug|Any CPU
		Release|Any CPU = Release|Any CPU
	EndGlobalSection
	GlobalSection(ProjectConfigurationPlatforms) = postSolution
		{1FF0AD40-0E98-4FBF-A271-938DB7EBEFAC}.Debug|Any CPU.ActiveCfg = Debug|Any CPU
		{1FF0AD40-0E98-4FBF-A271-938DB7EBEFAC}.Debug|Any CPU.Build.0 = Debug|Any CPU
		{1FF0AD40-0E98-4FBF-A271-938DB7EBEFAC}.Release|Any CPU.ActiveCfg = Release|Any CPU
		{1FF0AD40-0E98-4FBF-A271-938DB7EBEFAC}.Release|Any CPU.Build.0 = Release|Any CPU
	EndGlobalSection
	GlobalSection(SolutionProperties) = preSolution
		HideSolutionNode = FALSE
	EndGlobalSection
	GlobalSection(ExtensibilityGlobals) = postSolution
		SolutionGuid = {FB9418A7-5DA8-4931-84AE-CD595C7E365E}
	EndGlobalSection
EndGlobal
